
Microsoft Visual Studio Solution File, Format Version 12.00
# Visual Studio 15
VisualStudioVersion = 15.0.27130.2024
MinimumVisualStudioVersion = 10.0.40219.1
Project("{FAE04EC0-301F-11D3-BF4B-00C04F79EFBC}") = "ProxyGenerator", "ProxyGenerator\ProxyGenerator.csproj", "{6A9D9C5E-EF01-417F-89BD-039B5A5B52BC}"
EndProject
Project("{FAE04EC0-301F-11D3-BF4B-00C04F79EFBC}") = "FunctionGenerator", "FunctionGenerator\FunctionGenerator.csproj", "{21AB2074-4130-477F-A3A7-1BF90B7C78FB}"
EndProject
Global
	GlobalSection(SolutionConfigurationPlatforms) = preSolution
		Debug|Any CPU = Debug|Any CPU
		Release|Any CPU = Release|Any CPU
	EndGlobalSection
	GlobalSection(ProjectConfigurationPlatforms) = postSolution
		{6A9D9C5E-EF01-417F-89BD-039B5A5B52BC}.Debug|Any CPU.ActiveCfg = Debug|Any CPU
		{6A9D9C5E-EF01-417F-89BD-039B5A5B52BC}.Debug|Any CPU.Build.0 = Debug|Any CPU
		{6A9D9C5E-EF01-417F-89BD-039B5A5B52BC}.Release|Any CPU.ActiveCfg = Release|Any CPU
		{6A9D9C5E-EF01-417F-89BD-039B5A5B52BC}.Release|Any CPU.Build.0 = Release|Any CPU
		{21AB2074-4130-477F-A3A7-1BF90B7C78FB}.Debug|Any CPU.ActiveCfg = Debug|Any CPU
		{21AB2074-4130-477F-A3A7-1BF90B7C78FB}.Debug|Any CPU.Build.0 = Debug|Any CPU
		{21AB2074-4130-477F-A3A7-1BF90B7C78FB}.Release|Any CPU.ActiveCfg = Release|Any CPU
		{21AB2074-4130-477F-A3A7-1BF90B7C78FB}.Release|Any CPU.Build.0 = Release|Any CPU
	EndGlobalSection
	GlobalSection(SolutionProperties) = preSolution
		HideSolutionNode = FALSE
	EndGlobalSection
	GlobalSection(ExtensibilityGlobals) = postSolution
		SolutionGuid = {78359D15-8E3E-4AB3-A8A8-F44BF1658EE9}
	EndGlobalSection
EndGlobal
